
Microsoft Visual Studio Solution File, Format Version 12.00
# Visual Studio Version 17
VisualStudioVersion = 17.5.33516.290
MinimumVisualStudioVersion = 10.0.40219.1
Project("{FAE04EC0-301F-11D3-BF4B-00C04F79EFBC}") = "Question 1", "Question 1\Question 1.csproj", "{6E702A87-69AF-4F9C-AF69-673A1DD66C3B}"
EndProject
Project("{FAE04EC0-301F-11D3-BF4B-00C04F79EFBC}") = "Question 2", "Question 2\Question 2.csproj", "{F9F63CA2-7A8F-4B1B-88A9-6CF7BABC398A}"
EndProject
Project("{FAE04EC0-301F-11D3-BF4B-00C04F79EFBC}") = "Question 4", "Question 4\Question 4.csproj", "{1C26AC88-9513-432C-A08C-8BC0CF0CB655}"
EndProject
Project("{FAE04EC0-301F-11D3-BF4B-00C04F79EFBC}") = "Question 3", "Question 3\Question 3.csproj", "{F5F91519-9407-46DE-A9DD-AFD9802DC070}"
EndProject
Global
	GlobalSection(SolutionConfigurationPlatforms) = preSolution
		Debug|Any CPU = Debug|Any CPU
		Release|Any CPU = Release|Any CPU
	EndGlobalSection
	GlobalSection(ProjectConfigurationPlatforms) = postSolution
		{6E702A87-69AF-4F9C-AF69-673A1DD66C3B}.Debug|Any CPU.ActiveCfg = Debug|Any CPU
		{6E702A87-69AF-4F9C-AF69-673A1DD66C3B}.Debug|Any CPU.Build.0 = Debug|Any CPU
		{6E702A87-69AF-4F9C-AF69-673A1DD66C3B}.Release|Any CPU.ActiveCfg = Release|Any CPU
		{6E702A87-69AF-4F9C-AF69-673A1DD66C3B}.Release|Any CPU.Build.0 = Release|Any CPU
		{F9F63CA2-7A8F-4B1B-88A9-6CF7BABC398A}.Debug|Any CPU.ActiveCfg = Debug|Any CPU
		{F9F63CA2-7A8F-4B1B-88A9-6CF7BABC398A}.Debug|Any CPU.Build.0 = Debug|Any CPU
		{F9F63CA2-7A8F-4B1B-88A9-6CF7BABC398A}.Release|Any CPU.ActiveCfg = Release|Any CPU
		{F9F63CA2-7A8F-4B1B-88A9-6CF7BABC398A}.Release|Any CPU.Build.0 = Release|Any CPU
		{1C26AC88-9513-432C-A08C-8BC0CF0CB655}.Debug|Any CPU.ActiveCfg = Debug|Any CPU
		{1C26AC88-9513-432C-A08C-8BC0CF0CB655}.Debug|Any CPU.Build.0 = Debug|Any CPU
		{1C26AC88-9513-432C-A08C-8BC0CF0CB655}.Release|Any CPU.ActiveCfg = Release|Any CPU
		{1C26AC88-9513-432C-A08C-8BC0CF0CB655}.Release|Any CPU.Build.0 = Release|Any CPU
		{F5F91519-9407-46DE-A9DD-AFD9802DC070}.Debug|Any CPU.ActiveCfg = Debug|Any CPU
		{F5F91519-9407-46DE-A9DD-AFD9802DC070}.Debug|Any CPU.Build.0 = Debug|Any CPU
		{F5F91519-9407-46DE-A9DD-AFD9802DC070}.Release|Any CPU.ActiveCfg = Release|Any CPU
		{F5F91519-9407-46DE-A9DD-AFD9802DC070}.Release|Any CPU.Build.0 = Release|Any CPU
	EndGlobalSection
	GlobalSection(SolutionProperties) = preSolution
		HideSolutionNode = FALSE
	EndGlobalSection
	GlobalSection(ExtensibilityGlobals) = postSolution
		SolutionGuid = {F0406ECE-4397-4713-9FD5-E02C67538D82}
	EndGlobalSection
EndGlobal
